// !$*UTF8*$!
{
	archiveVersion = 1;
	classes = {
	};
	objectVersion = 50;
	objects = {

/* Begin PBXBuildFile section */
		245C90752293665D00E665D8 /* AppDelegate.swift in Sources */ = {isa = PBXBuildFile; fileRef = 245C90742293665D00E665D8 /* AppDelegate.swift */; };
		245C90772293665D00E665D8 /* ViewController.swift in Sources */ = {isa = PBXBuildFile; fileRef = 245C90762293665D00E665D8 /* ViewController.swift */; };
		245C907A2293665D00E665D8 /* Main.storyboard in Resources */ = {isa = PBXBuildFile; fileRef = 245C90782293665D00E665D8 /* Main.storyboard */; };
		245C907C2293666200E665D8 /* Assets.xcassets in Resources */ = {isa = PBXBuildFile; fileRef = 245C907B2293666200E665D8 /* Assets.xcassets */; };
		245C907F2293666200E665D8 /* LaunchScreen.storyboard in Resources */ = {isa = PBXBuildFile; fileRef = 245C907D2293666200E665D8 /* LaunchScreen.storyboard */; };
		24B833142294E75800D99449 /* AboutViewController.swift in Sources */ = {isa = PBXBuildFile; fileRef = 24B833132294E75800D99449 /* AboutViewController.swift */; };
		24B833162294E9D000D99449 /* AboutAuthorView.swift in Sources */ = {isa = PBXBuildFile; fileRef = 24B833152294E9D000D99449 /* AboutAuthorView.swift */; };
		24B8331A2295148A00D99449 /* BullsEye.html in Resources */ = {isa = PBXBuildFile; fileRef = 24B833192295148A00D99449 /* BullsEye.html */; };
		24B8331D2295CE0500D99449 /* WebKit.framework in Frameworks */ = {isa = PBXBuildFile; fileRef = 24B8331C2295CE0500D99449 /* WebKit.framework */; };
		24B8331F22964CE200D99449 /* AboutAuthor.html in Resources */ = {isa = PBXBuildFile; fileRef = 24B8331E22964CE100D99449 /* AboutAuthor.html */; };
/* End PBXBuildFile section */

/* Begin PBXFileReference section */
		245C90712293665D00E665D8 /* BullsEye.app */ = {isa = PBXFileReference; explicitFileType = wrapper.application; includeInIndex = 0; path = BullsEye.app; sourceTree = BUILT_PRODUCTS_DIR; };
		245C90742293665D00E665D8 /* AppDelegate.swift */ = {isa = PBXFileReference; lastKnownFileType = sourcecode.swift; path = AppDelegate.swift; sourceTree = "<group>"; };
		245C90762293665D00E665D8 /* ViewController.swift */ = {isa = PBXFileReference; lastKnownFileType = sourcecode.swift; path = ViewController.swift; sourceTree = "<group>"; };
		245C90792293665D00E665D8 /* Base */ = {isa = PBXFileReference; lastKnownFileType = file.storyboard; name = Base; path = Base.lproj/Main.storyboard; sourceTree = "<group>"; };
		245C907B2293666200E665D8 /* Assets.xcassets */ = {isa = PBXFileReference; lastKnownFileType = folder.assetcatalog; path = Assets.xcassets; sourceTree = "<group>"; };
		245C907E2293666200E665D8 /* Base */ = {isa = PBXFileReference; lastKnownFileType = file.storyboard; name = Base; path = Base.lproj/LaunchScreen.storyboard; sourceTree = "<group>"; };
		245C90802293666200E665D8 /* Info.plist */ = {isa = PBXFileReference; lastKnownFileType = text.plist.xml; path = Info.plist; sourceTree = "<group>"; };
		24B833132294E75800D99449 /* AboutViewController.swift */ = {isa = PBXFileReference; lastKnownFileType = sourcecode.swift; path = AboutViewController.swift; sourceTree = "<group>"; };
		24B833152294E9D000D99449 /* AboutAuthorView.swift */ = {isa = PBXFileReference; lastKnownFileType = sourcecode.swift; path = AboutAuthorView.swift; sourceTree = "<group>"; };
		24B833192295148A00D99449 /* BullsEye.html */ = {isa = PBXFileReference; fileEncoding = 4; lastKnownFileType = text.html; path = BullsEye.html; sourceTree = "<group>"; };
		24B8331C2295CE0500D99449 /* WebKit.framework */ = {isa = PBXFileReference; lastKnownFileType = wrapper.framework; name = WebKit.framework; path = System/Library/Frameworks/WebKit.framework; sourceTree = SDKROOT; };
		24B8331E22964CE100D99449 /* AboutAuthor.html */ = {isa = PBXFileReference; fileEncoding = 4; lastKnownFileType = text.html; path = AboutAuthor.html; sourceTree = "<group>"; };
/* End PBXFileReference section */

/* Begin PBXFrameworksBuildPhase section */
		245C906E2293665C00E665D8 /* Frameworks */ = {
			isa = PBXFrameworksBuildPhase;
			buildActionMask = 2147483647;
			files = (
				24B8331D2295CE0500D99449 /* WebKit.framework in Frameworks */,
			);
			runOnlyForDeploymentPostprocessing = 0;
		};
/* End PBXFrameworksBuildPhase section */

/* Begin PBXGroup section */
		245C90682293665C00E665D8 = {
			isa = PBXGroup;
			children = (
				245C90732293665D00E665D8 /* BullsEye */,
				245C90722293665D00E665D8 /* Products */,
				24B8331B2295CE0400D99449 /* Frameworks */,
			);
			sourceTree = "<group>";
		};
		245C90722293665D00E665D8 /* Products */ = {
			isa = PBXGroup;
			children = (
				245C90712293665D00E665D8 /* BullsEye.app */,
			);
			name = Products;
			sourceTree = "<group>";
		};
		245C90732293665D00E665D8 /* BullsEye */ = {
			isa = PBXGroup;
			children = (
				245C90742293665D00E665D8 /* AppDelegate.swift */,
				245C90762293665D00E665D8 /* ViewController.swift */,
				245C90782293665D00E665D8 /* Main.storyboard */,
				24B833152294E9D000D99449 /* AboutAuthorView.swift */,
				24B833132294E75800D99449 /* AboutViewController.swift */,
				245C907B2293666200E665D8 /* Assets.xcassets */,
				245C907D2293666200E665D8 /* LaunchScreen.storyboard */,
				245C90802293666200E665D8 /* Info.plist */,
				24B833192295148A00D99449 /* BullsEye.html */,
				24B8331E22964CE100D99449 /* AboutAuthor.html */,
			);
			path = BullsEye;
			sourceTree = "<group>";
		};
		24B8331B2295CE0400D99449 /* Frameworks */ = {
			isa = PBXGroup;
			children = (
				24B8331C2295CE0500D99449 /* WebKit.framework */,
			);
			name = Frameworks;
			sourceTree = "<group>";
		};
/* End PBXGroup section */

/* Begin PBXNativeTarget section */
		245C90702293665C00E665D8 /* BullsEye */ = {
			isa = PBXNativeTarget;
			buildConfigurationList = 245C90832293666200E665D8 /* Build configuration list for PBXNativeTarget "BullsEye" */;
			buildPhases = (
				245C906D2293665C00E665D8 /* Sources */,
				245C906E2293665C00E665D8 /* Frameworks */,
				245C906F2293665C00E665D8 /* Resources */,
			);
			buildRules = (
			);
			dependencies = (
			);
			name = BullsEye;
			productName = BullsEye;
			productReference = 245C90712293665D00E665D8 /* BullsEye.app */;
			productType = "com.apple.product-type.application";
		};
/* End PBXNativeTarget section */

/* Begin PBXProject section */
		245C90692293665C00E665D8 /* Project object */ = {
			isa = PBXProject;
			attributes = {
				LastSwiftUpdateCheck = 1020;
				LastUpgradeCheck = 1020;
				ORGANIZATIONNAME = "Thomas Kellough";
				TargetAttributes = {
					245C90702293665C00E665D8 = {
						CreatedOnToolsVersion = 10.2.1;
					};
				};
			};
			buildConfigurationList = 245C906C2293665C00E665D8 /* Build configuration list for PBXProject "BullsEye" */;
			compatibilityVersion = "Xcode 9.3";
			developmentRegion = en;
			hasScannedForEncodings = 0;
			knownRegions = (
				en,
				Base,
			);
			mainGroup = 245C90682293665C00E665D8;
			productRefGroup = 245C90722293665D00E665D8 /* Products */;
			projectDirPath = "";
			projectRoot = "";
			targets = (
				245C90702293665C00E665D8 /* BullsEye */,
			);
		};
/* End PBXProject section */

/* Begin PBXResourcesBuildPhase section */
		245C906F2293665C00E665D8 /* Resources */ = {
			isa = PBXResourcesBuildPhase;
			buildActionMask = 2147483647;
			files = (
				245C907F2293666200E665D8 /* LaunchScreen.storyboard in Resources */,
				24B8331A2295148A00D99449 /* BullsEye.html in Resources */,
				245C907C2293666200E665D8 /* Assets.xcassets in Resources */,
				24B8331F22964CE200D99449 /* AboutAuthor.html in Resources */,
				245C907A2293665D00E665D8 /* Main.storyboard in Resources */,
			);
			runOnlyForDeploymentPostprocessing = 0;
		};
/* End PBXResourcesBuildPhase section */

/* Begin PBXSourcesBuildPhase section */
		245C906D2293665C00E665D8 /* Sources */ = {
			isa = PBXSourcesBuildPhase;
			buildActionMask = 2147483647;
			files = (
				24B833142294E75800D99449 /* AboutViewController.swift in Sources */,
				24B833162294E9D000D99449 /* AboutAuthorView.swift in Sources */,
				245C90772293665D00E665D8 /* ViewController.swift in Sources */,
				245C90752293665D00E665D8 /* AppDelegate.swift in Sources */,
			);
			runOnlyForDeploymentPostprocessing = 0;
		};
/* End PBXSourcesBuildPhase section */

/* Begin PBXVariantGroup section */
		245C90782293665D00E665D8 /* Main.storyboard */ = {
			isa = PBXVariantGroup;
			children = (
				245C90792293665D00E665D8 /* Base */,
			);
			name = Main.storyboard;
			sourceTree = "<group>";
		};
		245C907D2293666200E665D8 /* LaunchScreen.storyboard */ = {
			isa = PBXVariantGroup;
			children = (
				245C907E2293666200E665D8 /* Base */,
			);
			name = LaunchScreen.storyboard;
			sourceTree = "<group>";
		};
/* End PBXVariantGroup section */

/* Begin XCBuildConfiguration section */
		245C90812293666200E665D8 /* Debug */ = {
			isa = XCBuildConfiguration;
			buildSettings = {
				ALWAYS_SEARCH_USER_PATHS = NO;
				CLANG_ANALYZER_NONNULL = YES;
				CLANG_ANALYZER_NUMBER_OBJECT_CONVERSION = YES_AGGRESSIVE;
				CLANG_CXX_LANGUAGE_STANDARD = "gnu++14";
				CLANG_CXX_LIBRARY = "libc++";
				CLANG_ENABLE_MODULES = YES;
				CLANG_ENABLE_OBJC_ARC = YES;
				CLANG_ENABLE_OBJC_WEAK = YES;
				CLANG_WARN_BLOCK_CAPTURE_AUTORELEASING = YES;
				CLANG_WARN_BOOL_CONVERSION = YES;
				CLANG_WARN_COMMA = YES;
				CLANG_WARN_CONSTANT_CONVERSION = YES;
				CLANG_WARN_DEPRECATED_OBJC_IMPLEMENTATIONS = YES;
				CLANG_WARN_DIRECT_OBJC_ISA_USAGE = YES_ERROR;
				CLANG_WARN_DOCUMENTATION_COMMENTS = YES;
				CLANG_WARN_EMPTY_BODY = YES;
				CLANG_WARN_ENUM_CONVERSION = YES;
				CLANG_WARN_INFINITE_RECURSION = YES;
				CLANG_WARN_INT_CONVERSION = YES;
				CLANG_WARN_NON_LITERAL_NULL_CONVERSION = YES;
				CLANG_WARN_OBJC_IMPLICIT_RETAIN_SELF = YES;
				CLANG_WARN_OBJC_LITERAL_CONVERSION = YES;
				CLANG_WARN_OBJC_ROOT_CLASS = YES_ERROR;
				CLANG_WARN_RANGE_LOOP_ANALYSIS = YES;
				CLANG_WARN_STRICT_PROTOTYPES = YES;
				CLANG_WARN_SUSPICIOUS_MOVE = YES;
				CLANG_WARN_UNGUARDED_AVAILABILITY = YES_AGGRESSIVE;
				CLANG_WARN_UNREACHABLE_CODE = YES;
				CLANG_WARN__DUPLICATE_METHOD_MATCH = YES;
				CODE_SIGN_IDENTITY = "iPhone Developer";
				COPY_PHASE_STRIP = NO;
				DEBUG_INFORMATION_FORMAT = dwarf;
				ENABLE_STRICT_OBJC_MSGSEND = YES;
				ENABLE_TESTABILITY = YES;
				GCC_C_LANGUAGE_STANDARD = gnu11;
				GCC_DYNAMIC_NO_PIC = NO;
				GCC_NO_COMMON_BLOCKS = YES;
				GCC_OPTIMIZATION_LEVEL = 0;
				GCC_PREPROCESSOR_DEFINITIONS = (
					"DEBUG=1",
					"$(inherited)",
				);
				GCC_WARN_64_TO_32_BIT_CONVERSION = YES;
				GCC_WARN_ABOUT_RETURN_TYPE = YES_ERROR;
				GCC_WARN_UNDECLARED_SELECTOR = YES;
				GCC_WARN_UNINITIALIZED_AUTOS = YES_AGGRESSIVE;
				GCC_WARN_UNUSED_FUNCTION = YES;
				GCC_WARN_UNUSED_VARIABLE = YES;
				IPHONEOS_DEPLOYMENT_TARGET = 12.2;
				MTL_ENABLE_DEBUG_INFO = INCLUDE_SOURCE;
				MTL_FAST_MATH = YES;
				ONLY_ACTIVE_ARCH = YES;
				SDKROOT = iphoneos;
				SWIFT_ACTIVE_COMPILATION_CONDITIONS = DEBUG;
				SWIFT_OPTIMIZATION_LEVEL = "-Onone";
			};
			name = Debug;
		};
		245C90822293666200E665D8 /* Release */ = {
			isa = XCBuildConfiguration;
			buildSettings = {
				ALWAYS_SEARCH_USER_PATHS = NO;
				CLANG_ANALYZER_NONNULL = YES;
				CLANG_ANALYZER_NUMBER_OBJECT_CONVERSION = YES_AGGRESSIVE;
				CLANG_CXX_LANGUAGE_STANDARD = "gnu++14";
				CLANG_CXX_LIBRARY = "libc++";
				CLANG_ENABLE_MODULES = YES;
				CLANG_ENABLE_OBJC_ARC = YES;
				CLANG_ENABLE_OBJC_WEAK = YES;
				CLANG_WARN_BLOCK_CAPTURE_AUTORELEASING = YES;
				CLANG_WARN_BOOL_CONVERSION = YES;
				CLANG_WARN_COMMA = YES;
				CLANG_WARN_CONSTANT_CONVERSION = YES;
				CLANG_WARN_DEPRECATED_OBJC_IMPLEMENTATIONS = YES;
				CLANG_WARN_DIRECT_OBJC_ISA_USAGE = YES_ERROR;
				CLANG_WARN_DOCUMENTATION_COMMENTS = YES;
				CLANG_WARN_EMPTY_BODY = YES;
				CLANG_WARN_ENUM_CONVERSION = YES;
				CLANG_WARN_INFINITE_RECURSION = YES;
				CLANG_WARN_INT_CONVERSION = YES;
				CLANG_WARN_NON_LITERAL_NULL_CONVERSION = YES;
				CLANG_WARN_OBJC_IMPLICIT_RETAIN_SELF = YES;
				CLANG_WARN_OBJC_LITERAL_CONVERSION = YES;
				CLANG_WARN_OBJC_ROOT_CLASS = YES_ERROR;
				CLANG_WARN_RANGE_LOOP_ANALYSIS = YES;
				CLANG_WARN_STRICT_PROTOTYPES = YES;
				CLANG_WARN_SUSPICIOUS_MOVE = YES;
				CLANG_WARN_UNGUARDED_AVAILABILITY = YES_AGGRESSIVE;
				CLANG_WARN_UNREACHABLE_CODE = YES;
				CLANG_WARN__DUPLICATE_METHOD_MATCH = YES;
				CODE_SIGN_IDENTITY = "iPhone Developer";
				COPY_PHASE_STRIP = NO;
				DEBUG_INFORMATION_FORMAT = "dwarf-with-dsym";
				ENABLE_NS_ASSERTIONS = NO;
				ENABLE_STRICT_OBJC_MSGSEND = YES;
				GCC_C_LANGUAGE_STANDARD = gnu11;
				GCC_NO_COMMON_BLOCKS = YES;
				GCC_WARN_64_TO_32_BIT_CONVERSION = YES;
				GCC_WARN_ABOUT_RETURN_TYPE = YES_ERROR;
				GCC_WARN_UNDECLARED_SELECTOR = YES;
				GCC_WARN_UNINITIALIZED_AUTOS = YES_AGGRESSIVE;
				GCC_WARN_UNUSED_FUNCTION = YES;
				GCC_WARN_UNUSED_VARIABLE = YES;
				IPHONEOS_DEPLOYMENT_TARGET = 12.2;
				MTL_ENABLE_DEBUG_INFO = NO;
				MTL_FAST_MATH = YES;
				SDKROOT = iphoneos;
				SWIFT_COMPILATION_MODE = wholemodule;
				SWIFT_OPTIMIZATION_LEVEL = "-O";
				VALIDATE_PRODUCT = YES;
			};
			name = Release;
		};
		245C90842293666200E665D8 /* Debug */ = {
			isa = XCBuildConfiguration;
			buildSettings = {
				ASSETCATALOG_COMPILER_APPICON_NAME = AppIcon;
				CODE_SIGN_STYLE = Automatic;
				DEVELOPMENT_TEAM = W89S77A7X4;
				INFOPLIST_FILE = BullsEye/Info.plist;
				LD_RUNPATH_SEARCH_PATHS = (
					"$(inherited)",
					"@executable_path/Frameworks",
				);
				PRODUCT_BUNDLE_IDENTIFIER = com.kellough.BullsEye;
				PRODUCT_NAME = "$(TARGET_NAME)";
				SWIFT_VERSION = 5.0;
				TARGETED_DEVICE_FAMILY = "1,2";
			};
			name = Debug;
		};
		245C90852293666200E665D8 /* Release */ = {
			isa = XCBuildConfiguration;
			buildSettings = {
				ASSETCATALOG_COMPILER_APPICON_NAME = AppIcon;
				CODE_SIGN_STYLE = Automatic;
				DEVELOPMENT_TEAM = W89S77A7X4;
				INFOPLIST_FILE = BullsEye/Info.plist;
				LD_RUNPATH_SEARCH_PATHS = (
					"$(inherited)",
					"@executable_path/Frameworks",
				);
				PRODUCT_BUNDLE_IDENTIFIER = com.kellough.BullsEye;
				PRODUCT_NAME = "$(TARGET_NAME)";
				SWIFT_VERSION = 5.0;
				TARGETED_DEVICE_FAMILY = "1,2";
			};
			name = Release;
		};
/* End XCBuildConfiguration section */

/* Begin XCConfigurationList section */
		245C906C2293665C00E665D8 /* Build configuration list for PBXProject "BullsEye" */ = {
			isa = XCConfigurationList;
			buildConfigurations = (
				245C90812293666200E665D8 /* Debug */,
				245C90822293666200E665D8 /* Release */,
			);
			defaultConfigurationIsVisible = 0;
			defaultConfigurationName = Release;
		};
		245C90832293666200E665D8 /* Build configuration list for PBXNativeTarget "BullsEye" */ = {
			isa = XCConfigurationList;
			buildConfigurations = (
				245C90842293666200E665D8 /* Debug */,
				245C90852293666200E665D8 /* Release */,
			);
			defaultConfigurationIsVisible = 0;
			defaultConfigurationName = Release;
		};
/* End XCConfigurationList section */
	};
	rootObject = 245C90692293665C00E665D8 /* Project object */;
}
